{
  "name": "Sports-Betting-Web-Scraper",
  "lockfileVersion": 2,
  "requires": true,
  "packages": {
    "": {
      "dependencies": {
        "fraction.js": "^4.2.1"
      }
    },
    "node_modules/fraction.js": {
      "version": "4.2.1",
      "resolved": "https://registry.npmjs.org/fraction.js/-/fraction.js-4.2.1.tgz",
      "integrity": "sha512-/KxoyCnPM0GwYI4NN0Iag38Tqt+od3/mLuguepLgCAKPn0ZhC544nssAW0tG2/00zXEYl9W+7hwAIpLHo6Oc7Q==",
      "engines": {
        "node": "*"
      },
      "funding": {
        "type": "patreon",
        "url": "https://www.patreon.com/infusion"
      }
    }
  },
  "dependencies": {
    "fraction.js": {
      "version": "4.2.1",
      "resolved": "https://registry.npmjs.org/fraction.js/-/fraction.js-4.2.1.tgz",
      "integrity": "sha512-/KxoyCnPM0GwYI4NN0Iag38Tqt+od3/mLuguepLgCAKPn0ZhC544nssAW0tG2/00zXEYl9W+7hwAIpLHo6Oc7Q=="
    }
  }
}
